
Microsoft Visual Studio Solution File, Format Version 12.00
# Visual Studio Version 17
VisualStudioVersion = 17.7.34221.43
MinimumVisualStudioVersion = 10.0.40219.1
Project("{FAE04EC0-301F-11D3-BF4B-00C04F79EFBC}") = "30-Overloaded_Constructors", "30-Overloaded_Constructors\30-Overloaded_Constructors.csproj", "{5D4017AB-2DD7-4B3E-BF0F-0D57693066A2}"
EndProject
Global
	GlobalSection(SolutionConfigurationPlatforms) = preSolution
		Debug|Any CPU = Debug|Any CPU
		Release|Any CPU = Release|Any CPU
	EndGlobalSection
	GlobalSection(ProjectConfigurationPlatforms) = postSolution
		{5D4017AB-2DD7-4B3E-BF0F-0D57693066A2}.Debug|Any CPU.ActiveCfg = Debug|Any CPU
		{5D4017AB-2DD7-4B3E-BF0F-0D57693066A2}.Debug|Any CPU.Build.0 = Debug|Any CPU
		{5D4017AB-2DD7-4B3E-BF0F-0D57693066A2}.Release|Any CPU.ActiveCfg = Release|Any CPU
		{5D4017AB-2DD7-4B3E-BF0F-0D57693066A2}.Release|Any CPU.Build.0 = Release|Any CPU
	EndGlobalSection
	GlobalSection(SolutionProperties) = preSolution
		HideSolutionNode = FALSE
	EndGlobalSection
	GlobalSection(ExtensibilityGlobals) = postSolution
		SolutionGuid = {75BA243C-89F7-4ACF-B098-A48D39CB7C3C}
	EndGlobalSection
EndGlobal
