
Microsoft Visual Studio Solution File, Format Version 12.00
# Visual Studio Version 17
VisualStudioVersion = 17.7.34221.43
MinimumVisualStudioVersion = 10.0.40219.1
Project("{FAE04EC0-301F-11D3-BF4B-00C04F79EFBC}") = "29-Static", "29-Static\29-Static.csproj", "{E541CA2C-53B6-4050-AC07-573A631FBD4D}"
EndProject
Global
	GlobalSection(SolutionConfigurationPlatforms) = preSolution
		Debug|Any CPU = Debug|Any CPU
		Release|Any CPU = Release|Any CPU
	EndGlobalSection
	GlobalSection(ProjectConfigurationPlatforms) = postSolution
		{E541CA2C-53B6-4050-AC07-573A631FBD4D}.Debug|Any CPU.ActiveCfg = Debug|Any CPU
		{E541CA2C-53B6-4050-AC07-573A631FBD4D}.Debug|Any CPU.Build.0 = Debug|Any CPU
		{E541CA2C-53B6-4050-AC07-573A631FBD4D}.Release|Any CPU.ActiveCfg = Release|Any CPU
		{E541CA2C-53B6-4050-AC07-573A631FBD4D}.Release|Any CPU.Build.0 = Release|Any CPU
	EndGlobalSection
	GlobalSection(SolutionProperties) = preSolution
		HideSolutionNode = FALSE
	EndGlobalSection
	GlobalSection(ExtensibilityGlobals) = postSolution
		SolutionGuid = {815512BA-640A-4DA9-B4F7-3E5E0B774170}
	EndGlobalSection
EndGlobal
