
Microsoft Visual Studio Solution File, Format Version 12.00
# Visual Studio Version 17
VisualStudioVersion = 17.7.34221.43
MinimumVisualStudioVersion = 10.0.40219.1
Project("{FAE04EC0-301F-11D3-BF4B-00C04F79EFBC}") = "34-Objects_As_Args", "34-Objects_As_Args\34-Objects_As_Args.csproj", "{1EFEAC33-C5DB-49DA-AE59-2AE4E5A84DBC}"
EndProject
Global
	GlobalSection(SolutionConfigurationPlatforms) = preSolution
		Debug|Any CPU = Debug|Any CPU
		Release|Any CPU = Release|Any CPU
	EndGlobalSection
	GlobalSection(ProjectConfigurationPlatforms) = postSolution
		{1EFEAC33-C5DB-49DA-AE59-2AE4E5A84DBC}.Debug|Any CPU.ActiveCfg = Debug|Any CPU
		{1EFEAC33-C5DB-49DA-AE59-2AE4E5A84DBC}.Debug|Any CPU.Build.0 = Debug|Any CPU
		{1EFEAC33-C5DB-49DA-AE59-2AE4E5A84DBC}.Release|Any CPU.ActiveCfg = Release|Any CPU
		{1EFEAC33-C5DB-49DA-AE59-2AE4E5A84DBC}.Release|Any CPU.Build.0 = Release|Any CPU
	EndGlobalSection
	GlobalSection(SolutionProperties) = preSolution
		HideSolutionNode = FALSE
	EndGlobalSection
	GlobalSection(ExtensibilityGlobals) = postSolution
		SolutionGuid = {DB4DAE3B-B60B-4C75-A0E2-FB1F88A0D736}
	EndGlobalSection
EndGlobal
