
Microsoft Visual Studio Solution File, Format Version 12.00
# Visual Studio Version 17
VisualStudioVersion = 17.7.34221.43
MinimumVisualStudioVersion = 10.0.40219.1
Project("{FAE04EC0-301F-11D3-BF4B-00C04F79EFBC}") = "23-String_Interpolation", "23-String_Interpolation\23-String_Interpolation.csproj", "{231AB62A-F1D3-4B36-BAB8-6BB572B2784B}"
EndProject
Global
	GlobalSection(SolutionConfigurationPlatforms) = preSolution
		Debug|Any CPU = Debug|Any CPU
		Release|Any CPU = Release|Any CPU
	EndGlobalSection
	GlobalSection(ProjectConfigurationPlatforms) = postSolution
		{231AB62A-F1D3-4B36-BAB8-6BB572B2784B}.Debug|Any CPU.ActiveCfg = Debug|Any CPU
		{231AB62A-F1D3-4B36-BAB8-6BB572B2784B}.Debug|Any CPU.Build.0 = Debug|Any CPU
		{231AB62A-F1D3-4B36-BAB8-6BB572B2784B}.Release|Any CPU.ActiveCfg = Release|Any CPU
		{231AB62A-F1D3-4B36-BAB8-6BB572B2784B}.Release|Any CPU.Build.0 = Release|Any CPU
	EndGlobalSection
	GlobalSection(SolutionProperties) = preSolution
		HideSolutionNode = FALSE
	EndGlobalSection
	GlobalSection(ExtensibilityGlobals) = postSolution
		SolutionGuid = {AC22825A-32AB-4FE5-8D18-23BB3CDB424A}
	EndGlobalSection
EndGlobal
