
Microsoft Visual Studio Solution File, Format Version 12.00
# Visual Studio Version 17
VisualStudioVersion = 17.7.34221.43
MinimumVisualStudioVersion = 10.0.40219.1
Project("{FAE04EC0-301F-11D3-BF4B-00C04F79EFBC}") = "24-MultiDimensional_Arrays", "24-MultiDimensional_Arrays\24-MultiDimensional_Arrays.csproj", "{EA8700DD-96D1-45A1-B71E-665B8F25BF72}"
EndProject
Global
	GlobalSection(SolutionConfigurationPlatforms) = preSolution
		Debug|Any CPU = Debug|Any CPU
		Release|Any CPU = Release|Any CPU
	EndGlobalSection
	GlobalSection(ProjectConfigurationPlatforms) = postSolution
		{EA8700DD-96D1-45A1-B71E-665B8F25BF72}.Debug|Any CPU.ActiveCfg = Debug|Any CPU
		{EA8700DD-96D1-45A1-B71E-665B8F25BF72}.Debug|Any CPU.Build.0 = Debug|Any CPU
		{EA8700DD-96D1-45A1-B71E-665B8F25BF72}.Release|Any CPU.ActiveCfg = Release|Any CPU
		{EA8700DD-96D1-45A1-B71E-665B8F25BF72}.Release|Any CPU.Build.0 = Release|Any CPU
	EndGlobalSection
	GlobalSection(SolutionProperties) = preSolution
		HideSolutionNode = FALSE
	EndGlobalSection
	GlobalSection(ExtensibilityGlobals) = postSolution
		SolutionGuid = {28EC7BC4-4A65-4D17-9CBF-CB0ED7DAAD43}
	EndGlobalSection
EndGlobal
