
Microsoft Visual Studio Solution File, Format Version 12.00
# Visual Studio Version 17
VisualStudioVersion = 17.7.34221.43
MinimumVisualStudioVersion = 10.0.40219.1
Project("{FAE04EC0-301F-11D3-BF4B-00C04F79EFBC}") = "19-Method_Overloading", "19-Method_Overloading\19-Method_Overloading.csproj", "{EF73734A-BC87-4CBA-84E9-73A512B7488D}"
EndProject
Global
	GlobalSection(SolutionConfigurationPlatforms) = preSolution
		Debug|Any CPU = Debug|Any CPU
		Release|Any CPU = Release|Any CPU
	EndGlobalSection
	GlobalSection(ProjectConfigurationPlatforms) = postSolution
		{EF73734A-BC87-4CBA-84E9-73A512B7488D}.Debug|Any CPU.ActiveCfg = Debug|Any CPU
		{EF73734A-BC87-4CBA-84E9-73A512B7488D}.Debug|Any CPU.Build.0 = Debug|Any CPU
		{EF73734A-BC87-4CBA-84E9-73A512B7488D}.Release|Any CPU.ActiveCfg = Release|Any CPU
		{EF73734A-BC87-4CBA-84E9-73A512B7488D}.Release|Any CPU.Build.0 = Release|Any CPU
	EndGlobalSection
	GlobalSection(SolutionProperties) = preSolution
		HideSolutionNode = FALSE
	EndGlobalSection
	GlobalSection(ExtensibilityGlobals) = postSolution
		SolutionGuid = {8D411D42-A259-41DD-9360-110C5500227A}
	EndGlobalSection
EndGlobal
