
Microsoft Visual Studio Solution File, Format Version 12.00
# Visual Studio Version 17
VisualStudioVersion = 17.7.34221.43
MinimumVisualStudioVersion = 10.0.40219.1
Project("{FAE04EC0-301F-11D3-BF4B-00C04F79EFBC}") = "12-Operatoret_Logjik", "12-Operatoret_Logjik\12-Operatoret_Logjik.csproj", "{622B5EF1-3C97-43FA-80FC-A19C7FB590E8}"
EndProject
Global
	GlobalSection(SolutionConfigurationPlatforms) = preSolution
		Debug|Any CPU = Debug|Any CPU
		Release|Any CPU = Release|Any CPU
	EndGlobalSection
	GlobalSection(ProjectConfigurationPlatforms) = postSolution
		{622B5EF1-3C97-43FA-80FC-A19C7FB590E8}.Debug|Any CPU.ActiveCfg = Debug|Any CPU
		{622B5EF1-3C97-43FA-80FC-A19C7FB590E8}.Debug|Any CPU.Build.0 = Debug|Any CPU
		{622B5EF1-3C97-43FA-80FC-A19C7FB590E8}.Release|Any CPU.ActiveCfg = Release|Any CPU
		{622B5EF1-3C97-43FA-80FC-A19C7FB590E8}.Release|Any CPU.Build.0 = Release|Any CPU
	EndGlobalSection
	GlobalSection(SolutionProperties) = preSolution
		HideSolutionNode = FALSE
	EndGlobalSection
	GlobalSection(ExtensibilityGlobals) = postSolution
		SolutionGuid = {03A1B352-AAB2-4D73-BD0E-F1DE8AD92CE3}
	EndGlobalSection
EndGlobal
