
Microsoft Visual Studio Solution File, Format Version 12.00
# Visual Studio Version 17
VisualStudioVersion = 17.7.34221.43
MinimumVisualStudioVersion = 10.0.40219.1
Project("{FAE04EC0-301F-11D3-BF4B-00C04F79EFBC}") = "13-do_while_loop", "13-do_while_loop\13-do_while_loop.csproj", "{2C97964F-E7D0-4C6F-84F1-D97E732EAC58}"
EndProject
Global
	GlobalSection(SolutionConfigurationPlatforms) = preSolution
		Debug|Any CPU = Debug|Any CPU
		Release|Any CPU = Release|Any CPU
	EndGlobalSection
	GlobalSection(ProjectConfigurationPlatforms) = postSolution
		{2C97964F-E7D0-4C6F-84F1-D97E732EAC58}.Debug|Any CPU.ActiveCfg = Debug|Any CPU
		{2C97964F-E7D0-4C6F-84F1-D97E732EAC58}.Debug|Any CPU.Build.0 = Debug|Any CPU
		{2C97964F-E7D0-4C6F-84F1-D97E732EAC58}.Release|Any CPU.ActiveCfg = Release|Any CPU
		{2C97964F-E7D0-4C6F-84F1-D97E732EAC58}.Release|Any CPU.Build.0 = Release|Any CPU
	EndGlobalSection
	GlobalSection(SolutionProperties) = preSolution
		HideSolutionNode = FALSE
	EndGlobalSection
	GlobalSection(ExtensibilityGlobals) = postSolution
		SolutionGuid = {78E830A6-D86F-4E1F-BF87-CA8907363C5D}
	EndGlobalSection
EndGlobal
