
Microsoft Visual Studio Solution File, Format Version 12.00
# Visual Studio Version 17
VisualStudioVersion = 17.7.34221.43
MinimumVisualStudioVersion = 10.0.40219.1
Project("{FAE04EC0-301F-11D3-BF4B-00C04F79EFBC}") = "18-MethodParmeters", "18-MethodParmeters\18-MethodParmeters.csproj", "{3CDA7D37-1F59-43C7-83FB-A793A301DBE0}"
EndProject
Global
	GlobalSection(SolutionConfigurationPlatforms) = preSolution
		Debug|Any CPU = Debug|Any CPU
		Release|Any CPU = Release|Any CPU
	EndGlobalSection
	GlobalSection(ProjectConfigurationPlatforms) = postSolution
		{3CDA7D37-1F59-43C7-83FB-A793A301DBE0}.Debug|Any CPU.ActiveCfg = Debug|Any CPU
		{3CDA7D37-1F59-43C7-83FB-A793A301DBE0}.Debug|Any CPU.Build.0 = Debug|Any CPU
		{3CDA7D37-1F59-43C7-83FB-A793A301DBE0}.Release|Any CPU.ActiveCfg = Release|Any CPU
		{3CDA7D37-1F59-43C7-83FB-A793A301DBE0}.Release|Any CPU.Build.0 = Release|Any CPU
	EndGlobalSection
	GlobalSection(SolutionProperties) = preSolution
		HideSolutionNode = FALSE
	EndGlobalSection
	GlobalSection(ExtensibilityGlobals) = postSolution
		SolutionGuid = {994EE2E3-50A6-4956-9DC2-86C58D262CC5}
	EndGlobalSection
EndGlobal
