
Microsoft Visual Studio Solution File, Format Version 12.00
# Visual Studio Version 17
VisualStudioVersion = 17.7.34221.43
MinimumVisualStudioVersion = 10.0.40219.1
Project("{FAE04EC0-301F-11D3-BF4B-00C04F79EFBC}") = "21-Exceptions", "21-Exceptions\21-Exceptions.csproj", "{2B62326F-AEAB-4AA3-BA1E-A2CB0880AE87}"
EndProject
Global
	GlobalSection(SolutionConfigurationPlatforms) = preSolution
		Debug|Any CPU = Debug|Any CPU
		Release|Any CPU = Release|Any CPU
	EndGlobalSection
	GlobalSection(ProjectConfigurationPlatforms) = postSolution
		{2B62326F-AEAB-4AA3-BA1E-A2CB0880AE87}.Debug|Any CPU.ActiveCfg = Debug|Any CPU
		{2B62326F-AEAB-4AA3-BA1E-A2CB0880AE87}.Debug|Any CPU.Build.0 = Debug|Any CPU
		{2B62326F-AEAB-4AA3-BA1E-A2CB0880AE87}.Release|Any CPU.ActiveCfg = Release|Any CPU
		{2B62326F-AEAB-4AA3-BA1E-A2CB0880AE87}.Release|Any CPU.Build.0 = Release|Any CPU
	EndGlobalSection
	GlobalSection(SolutionProperties) = preSolution
		HideSolutionNode = FALSE
	EndGlobalSection
	GlobalSection(ExtensibilityGlobals) = postSolution
		SolutionGuid = {FC3F4138-774F-463E-9C68-BACF3FAAD0BE}
	EndGlobalSection
EndGlobal
